
Microsoft Visual Studio Solution File, Format Version 12.00
# Visual Studio Version 17
VisualStudioVersion = 17.12.35527.113 d17.12
MinimumVisualStudioVersion = 10.0.40219.1
Project("{FAE04EC0-301F-11D3-BF4B-00C04F79EFBC}") = "BlazorWebAppJwt", "BlazorWebAppJwt\BlazorWebAppJwt\BlazorWebAppJwt.csproj", "{4E038A31-F85B-4A8E-82D4-4EE7A6ADFAA6}"
EndProject
Project("{FAE04EC0-301F-11D3-BF4B-00C04F79EFBC}") = "BlazorWebAppJwt.Client", "BlazorWebAppJwt\BlazorWebAppJwt.Client\BlazorWebAppJwt.Client.csproj", "{76092095-DE59-486B-9133-36AF13AD07EF}"
EndProject
Project("{FAE04EC0-301F-11D3-BF4B-00C04F79EFBC}") = "MinimalApiJwt", "MinimalApiJwt\MinimalApiJwt.csproj", "{9842C5E5-CD2C-4668-A93A-B43CA2AA567C}"
EndProject
Global
	GlobalSection(SolutionConfigurationPlatforms) = preSolution
		Debug|Any CPU = Debug|Any CPU
		Release|Any CPU = Release|Any CPU
	EndGlobalSection
	GlobalSection(ProjectConfigurationPlatforms) = postSolution
		{4E038A31-F85B-4A8E-82D4-4EE7A6ADFAA6}.Debug|Any CPU.ActiveCfg = Debug|Any CPU
		{4E038A31-F85B-4A8E-82D4-4EE7A6ADFAA6}.Debug|Any CPU.Build.0 = Debug|Any CPU
		{4E038A31-F85B-4A8E-82D4-4EE7A6ADFAA6}.Release|Any CPU.ActiveCfg = Release|Any CPU
		{4E038A31-F85B-4A8E-82D4-4EE7A6ADFAA6}.Release|Any CPU.Build.0 = Release|Any CPU
		{76092095-DE59-486B-9133-36AF13AD07EF}.Debug|Any CPU.ActiveCfg = Debug|Any CPU
		{76092095-DE59-486B-9133-36AF13AD07EF}.Debug|Any CPU.Build.0 = Debug|Any CPU
		{76092095-DE59-486B-9133-36AF13AD07EF}.Release|Any CPU.ActiveCfg = Release|Any CPU
		{76092095-DE59-486B-9133-36AF13AD07EF}.Release|Any CPU.Build.0 = Release|Any CPU
		{9842C5E5-CD2C-4668-A93A-B43CA2AA567C}.Debug|Any CPU.ActiveCfg = Debug|Any CPU
		{9842C5E5-CD2C-4668-A93A-B43CA2AA567C}.Debug|Any CPU.Build.0 = Debug|Any CPU
		{9842C5E5-CD2C-4668-A93A-B43CA2AA567C}.Release|Any CPU.ActiveCfg = Release|Any CPU
		{9842C5E5-CD2C-4668-A93A-B43CA2AA567C}.Release|Any CPU.Build.0 = Release|Any CPU
	EndGlobalSection
	GlobalSection(SolutionProperties) = preSolution
		HideSolutionNode = FALSE
	EndGlobalSection
EndGlobal
